
Microsoft Visual Studio Solution File, Format Version 12.00
# Visual Studio Version 17
VisualStudioVersion = 17.1.31911.260
MinimumVisualStudioVersion = 10.0.40219.1
Project("{9A19103F-16F7-4668-BE54-9A1E7A4F7556}") = "TodoApp", "src\TodoApp\TodoApp.csproj", "{308E7EB3-6652-4057-B184-40C87A2D3FCC}"
EndProject
Project("{2150E333-8FDC-42A3-9474-1A3956D46DE8}") = "src", "src", "{AEF56DEB-DE6C-4AC8-819C-A1CE9A55258E}"
EndProject
Project("{2150E333-8FDC-42A3-9474-1A3956D46DE8}") = "tests", "tests", "{4C9B0593-90B3-420F-B4AA-055949D3B65C}"
EndProject
Project("{9A19103F-16F7-4668-BE54-9A1E7A4F7556}") = "TodoApp.Tests", "tests\TodoApp.Tests\TodoApp.Tests.csproj", "{E360FE78-D7B3-40DC-B2C1-807F1EE16DF2}"
EndProject
Project("{2150E333-8FDC-42A3-9474-1A3956D46DE8}") = "Solution Items", "Solution Items", "{55A35BFD-E0A0-47EE-A604-2CBA4976386D}"
	ProjectSection(SolutionItems) = preProject
		readme.dryioc.md = readme.dryioc.md
		readme.md = readme.md
	EndProjectSection
EndProject
Global
	GlobalSection(SolutionConfigurationPlatforms) = preSolution
		Debug|Any CPU = Debug|Any CPU
		Debug|iPhone = Debug|iPhone
		Debug|iPhoneSimulator = Debug|iPhoneSimulator
		Release|Any CPU = Release|Any CPU
		Release|iPhone = Release|iPhone
		Release|iPhoneSimulator = Release|iPhoneSimulator
	EndGlobalSection
	GlobalSection(ProjectConfigurationPlatforms) = postSolution
		{308E7EB3-6652-4057-B184-40C87A2D3FCC}.Debug|Any CPU.ActiveCfg = Debug|Any CPU
		{308E7EB3-6652-4057-B184-40C87A2D3FCC}.Debug|Any CPU.Build.0 = Debug|Any CPU
		{308E7EB3-6652-4057-B184-40C87A2D3FCC}.Debug|iPhone.ActiveCfg = Debug|Any CPU
		{308E7EB3-6652-4057-B184-40C87A2D3FCC}.Debug|iPhone.Build.0 = Debug|Any CPU
		{308E7EB3-6652-4057-B184-40C87A2D3FCC}.Debug|iPhoneSimulator.ActiveCfg = Debug|Any CPU
		{308E7EB3-6652-4057-B184-40C87A2D3FCC}.Debug|iPhoneSimulator.Build.0 = Debug|Any CPU
		{308E7EB3-6652-4057-B184-40C87A2D3FCC}.Release|Any CPU.ActiveCfg = Release|Any CPU
		{308E7EB3-6652-4057-B184-40C87A2D3FCC}.Release|Any CPU.Build.0 = Release|Any CPU
		{308E7EB3-6652-4057-B184-40C87A2D3FCC}.Release|iPhone.ActiveCfg = Release|Any CPU
		{308E7EB3-6652-4057-B184-40C87A2D3FCC}.Release|iPhone.Build.0 = Release|Any CPU
		{308E7EB3-6652-4057-B184-40C87A2D3FCC}.Release|iPhoneSimulator.ActiveCfg = Release|Any CPU
		{308E7EB3-6652-4057-B184-40C87A2D3FCC}.Release|iPhoneSimulator.Build.0 = Release|Any CPU
		{E360FE78-D7B3-40DC-B2C1-807F1EE16DF2}.Debug|Any CPU.ActiveCfg = Debug|Any CPU
		{E360FE78-D7B3-40DC-B2C1-807F1EE16DF2}.Debug|Any CPU.Build.0 = Debug|Any CPU
		{E360FE78-D7B3-40DC-B2C1-807F1EE16DF2}.Debug|iPhone.ActiveCfg = Debug|Any CPU
		{E360FE78-D7B3-40DC-B2C1-807F1EE16DF2}.Debug|iPhone.Build.0 = Debug|Any CPU
		{E360FE78-D7B3-40DC-B2C1-807F1EE16DF2}.Debug|iPhoneSimulator.ActiveCfg = Debug|Any CPU
		{E360FE78-D7B3-40DC-B2C1-807F1EE16DF2}.Debug|iPhoneSimulator.Build.0 = Debug|Any CPU
		{E360FE78-D7B3-40DC-B2C1-807F1EE16DF2}.Release|Any CPU.ActiveCfg = Release|Any CPU
		{E360FE78-D7B3-40DC-B2C1-807F1EE16DF2}.Release|Any CPU.Build.0 = Release|Any CPU
		{E360FE78-D7B3-40DC-B2C1-807F1EE16DF2}.Release|iPhone.ActiveCfg = Release|Any CPU
		{E360FE78-D7B3-40DC-B2C1-807F1EE16DF2}.Release|iPhone.Build.0 = Release|Any CPU
		{E360FE78-D7B3-40DC-B2C1-807F1EE16DF2}.Release|iPhoneSimulator.ActiveCfg = Release|Any CPU
		{E360FE78-D7B3-40DC-B2C1-807F1EE16DF2}.Release|iPhoneSimulator.Build.0 = Release|Any CPU
	EndGlobalSection
	GlobalSection(SolutionProperties) = preSolution
		HideSolutionNode = FALSE
	EndGlobalSection
	GlobalSection(NestedProjects) = preSolution
		{CE4F4B63-9FAA-4745-B828-7EFEEEFCF85B} = {AEF56DEB-DE6C-4AC8-819C-A1CE9A55258E}
		{308E7EB3-6652-4057-B184-40C87A2D3FCC} = {AEF56DEB-DE6C-4AC8-819C-A1CE9A55258E}
		{E360FE78-D7B3-40DC-B2C1-807F1EE16DF2} = {4C9B0593-90B3-420F-B4AA-055949D3B65C}
	EndGlobalSection
	GlobalSection(ExtensibilityGlobals) = postSolution
		SolutionGuid = {5F373946-9F27-4C95-89B4-74FFBF0438DE}
	EndGlobalSection
EndGlobal
